// !$*UTF8*$!
{
	archiveVersion = 1;
	classes = {
	};
	objectVersion = 50;
	objects = {

/* Begin PBXBuildFile section */
		D62A113D24C435230069B35E /* AppDelegate.swift in Sources */ = {isa = PBXBuildFile; fileRef = D62A113C24C435230069B35E /* AppDelegate.swift */; };
		D62A113F24C435230069B35E /* SceneDelegate.swift in Sources */ = {isa = PBXBuildFile; fileRef = D62A113E24C435230069B35E /* SceneDelegate.swift */; };
		D62A114124C435230069B35E /* ViewController.swift in Sources */ = {isa = PBXBuildFile; fileRef = D62A114024C435230069B35E /* ViewController.swift */; };
		D62A114424C435230069B35E /* Main.storyboard in Resources */ = {isa = PBXBuildFile; fileRef = D62A114224C435230069B35E /* Main.storyboard */; };
		D62A114624C435240069B35E /* Assets.xcassets in Resources */ = {isa = PBXBuildFile; fileRef = D62A114524C435240069B35E /* Assets.xcassets */; };
		D62A114924C435240069B35E /* LaunchScreen.storyboard in Resources */ = {isa = PBXBuildFile; fileRef = D62A114724C435240069B35E /* LaunchScreen.storyboard */; };
		D62A115124C4357F0069B35E /* MyCityTableViewController.swift in Sources */ = {isa = PBXBuildFile; fileRef = D62A115024C4357F0069B35E /* MyCityTableViewController.swift */; };
		D62A115324C43C2F0069B35E /* CityTableViewCell.swift in Sources */ = {isa = PBXBuildFile; fileRef = D62A115224C43C2F0069B35E /* CityTableViewCell.swift */; };
		D62A115624C4447F0069B35E /* CustomCityTableViewCell.swift in Sources */ = {isa = PBXBuildFile; fileRef = D62A115424C4447F0069B35E /* CustomCityTableViewCell.swift */; };
		D62A115724C4447F0069B35E /* CustomCityTableViewCell.xib in Resources */ = {isa = PBXBuildFile; fileRef = D62A115524C4447F0069B35E /* CustomCityTableViewCell.xib */; };
		D6655E5C24CD866F00CE834F /* RoundButton.swift in Sources */ = {isa = PBXBuildFile; fileRef = D6655E5B24CD866F00CE834F /* RoundButton.swift */; };
		D6655E5F24CD880900CE834F /* Constants.swift in Sources */ = {isa = PBXBuildFile; fileRef = D6655E5E24CD880900CE834F /* Constants.swift */; };
/* End PBXBuildFile section */

/* Begin PBXFileReference section */
		D62A113924C435230069B35E /* Airbnb.app */ = {isa = PBXFileReference; explicitFileType = wrapper.application; includeInIndex = 0; path = Airbnb.app; sourceTree = BUILT_PRODUCTS_DIR; };
		D62A113C24C435230069B35E /* AppDelegate.swift */ = {isa = PBXFileReference; lastKnownFileType = sourcecode.swift; path = AppDelegate.swift; sourceTree = "<group>"; };
		D62A113E24C435230069B35E /* SceneDelegate.swift */ = {isa = PBXFileReference; lastKnownFileType = sourcecode.swift; path = SceneDelegate.swift; sourceTree = "<group>"; };
		D62A114024C435230069B35E /* ViewController.swift */ = {isa = PBXFileReference; lastKnownFileType = sourcecode.swift; path = ViewController.swift; sourceTree = "<group>"; };
		D62A114324C435230069B35E /* Base */ = {isa = PBXFileReference; lastKnownFileType = file.storyboard; name = Base; path = Base.lproj/Main.storyboard; sourceTree = "<group>"; };
		D62A114524C435240069B35E /* Assets.xcassets */ = {isa = PBXFileReference; lastKnownFileType = folder.assetcatalog; path = Assets.xcassets; sourceTree = "<group>"; };
		D62A114824C435240069B35E /* Base */ = {isa = PBXFileReference; lastKnownFileType = file.storyboard; name = Base; path = Base.lproj/LaunchScreen.storyboard; sourceTree = "<group>"; };
		D62A114A24C435240069B35E /* Info.plist */ = {isa = PBXFileReference; lastKnownFileType = text.plist.xml; path = Info.plist; sourceTree = "<group>"; };
		D62A115024C4357F0069B35E /* MyCityTableViewController.swift */ = {isa = PBXFileReference; lastKnownFileType = sourcecode.swift; path = MyCityTableViewController.swift; sourceTree = "<group>"; };
		D62A115224C43C2F0069B35E /* CityTableViewCell.swift */ = {isa = PBXFileReference; lastKnownFileType = sourcecode.swift; path = CityTableViewCell.swift; sourceTree = "<group>"; };
		D62A115424C4447F0069B35E /* CustomCityTableViewCell.swift */ = {isa = PBXFileReference; lastKnownFileType = sourcecode.swift; path = CustomCityTableViewCell.swift; sourceTree = "<group>"; };
		D62A115524C4447F0069B35E /* CustomCityTableViewCell.xib */ = {isa = PBXFileReference; lastKnownFileType = file.xib; path = CustomCityTableViewCell.xib; sourceTree = "<group>"; };
		D6655E5B24CD866F00CE834F /* RoundButton.swift */ = {isa = PBXFileReference; lastKnownFileType = sourcecode.swift; path = RoundButton.swift; sourceTree = "<group>"; };
		D6655E5E24CD880900CE834F /* Constants.swift */ = {isa = PBXFileReference; lastKnownFileType = sourcecode.swift; path = Constants.swift; sourceTree = "<group>"; };
/* End PBXFileReference section */

/* Begin PBXFrameworksBuildPhase section */
		D62A113624C435230069B35E /* Frameworks */ = {
			isa = PBXFrameworksBuildPhase;
			buildActionMask = 2147483647;
			files = (
			);
			runOnlyForDeploymentPostprocessing = 0;
		};
/* End PBXFrameworksBuildPhase section */

/* Begin PBXGroup section */
		D62A113024C435230069B35E = {
			isa = PBXGroup;
			children = (
				D62A113B24C435230069B35E /* Airbnb */,
				D62A113A24C435230069B35E /* Products */,
			);
			sourceTree = "<group>";
		};
		D62A113A24C435230069B35E /* Products */ = {
			isa = PBXGroup;
			children = (
				D62A113924C435230069B35E /* Airbnb.app */,
			);
			name = Products;
			sourceTree = "<group>";
		};
		D62A113B24C435230069B35E /* Airbnb */ = {
			isa = PBXGroup;
			children = (
				D62A113C24C435230069B35E /* AppDelegate.swift */,
				D62A113E24C435230069B35E /* SceneDelegate.swift */,
				D62A114024C435230069B35E /* ViewController.swift */,
				D62A114224C435230069B35E /* Main.storyboard */,
				D62A114524C435240069B35E /* Assets.xcassets */,
				D62A114724C435240069B35E /* LaunchScreen.storyboard */,
				D62A114A24C435240069B35E /* Info.plist */,
				D62A115024C4357F0069B35E /* MyCityTableViewController.swift */,
				D62A115224C43C2F0069B35E /* CityTableViewCell.swift */,
				D62A115424C4447F0069B35E /* CustomCityTableViewCell.swift */,
				D62A115524C4447F0069B35E /* CustomCityTableViewCell.xib */,
				D6655E5D24CD867800CE834F /* CustomUI */,
				D6655E5E24CD880900CE834F /* Constants.swift */,
			);
			path = Airbnb;
			sourceTree = "<group>";
		};
		D6655E5D24CD867800CE834F /* CustomUI */ = {
			isa = PBXGroup;
			children = (
				D6655E5B24CD866F00CE834F /* RoundButton.swift */,
			);
			path = CustomUI;
			sourceTree = "<group>";
		};
/* End PBXGroup section */

/* Begin PBXNativeTarget section */
		D62A113824C435230069B35E /* Airbnb */ = {
			isa = PBXNativeTarget;
			buildConfigurationList = D62A114D24C435240069B35E /* Build configuration list for PBXNativeTarget "Airbnb" */;
			buildPhases = (
				D62A113524C435230069B35E /* Sources */,
				D62A113624C435230069B35E /* Frameworks */,
				D62A113724C435230069B35E /* Resources */,
			);
			buildRules = (
			);
			dependencies = (
			);
			name = Airbnb;
			productName = Airbnb;
			productReference = D62A113924C435230069B35E /* Airbnb.app */;
			productType = "com.apple.product-type.application";
		};
/* End PBXNativeTarget section */

/* Begin PBXProject section */
		D62A113124C435230069B35E /* Project object */ = {
			isa = PBXProject;
			attributes = {
				LastSwiftUpdateCheck = 1150;
				LastUpgradeCheck = 1150;
				ORGANIZATIONNAME = "NIBM-COBSCCOMP191P-021";
				TargetAttributes = {
					D62A113824C435230069B35E = {
						CreatedOnToolsVersion = 11.5;
					};
				};
			};
			buildConfigurationList = D62A113424C435230069B35E /* Build configuration list for PBXProject "Airbnb" */;
			compatibilityVersion = "Xcode 9.3";
			developmentRegion = en;
			hasScannedForEncodings = 0;
			knownRegions = (
				en,
				Base,
			);
			mainGroup = D62A113024C435230069B35E;
			productRefGroup = D62A113A24C435230069B35E /* Products */;
			projectDirPath = "";
			projectRoot = "";
			targets = (
				D62A113824C435230069B35E /* Airbnb */,
			);
		};
/* End PBXProject section */

/* Begin PBXResourcesBuildPhase section */
		D62A113724C435230069B35E /* Resources */ = {
			isa = PBXResourcesBuildPhase;
			buildActionMask = 2147483647;
			files = (
				D62A114924C435240069B35E /* LaunchScreen.storyboard in Resources */,
				D62A114624C435240069B35E /* Assets.xcassets in Resources */,
				D62A114424C435230069B35E /* Main.storyboard in Resources */,
				D62A115724C4447F0069B35E /* CustomCityTableViewCell.xib in Resources */,
			);
			runOnlyForDeploymentPostprocessing = 0;
		};
/* End PBXResourcesBuildPhase section */

/* Begin PBXSourcesBuildPhase section */
		D62A113524C435230069B35E /* Sources */ = {
			isa = PBXSourcesBuildPhase;
			buildActionMask = 2147483647;
			files = (
				D62A115124C4357F0069B35E /* MyCityTableViewController.swift in Sources */,
				D62A114124C435230069B35E /* ViewController.swift in Sources */,
				D6655E5C24CD866F00CE834F /* RoundButton.swift in Sources */,
				D62A115324C43C2F0069B35E /* CityTableViewCell.swift in Sources */,
				D62A115624C4447F0069B35E /* CustomCityTableViewCell.swift in Sources */,
				D62A113D24C435230069B35E /* AppDelegate.swift in Sources */,
				D62A113F24C435230069B35E /* SceneDelegate.swift in Sources */,
				D6655E5F24CD880900CE834F /* Constants.swift in Sources */,
			);
			runOnlyForDeploymentPostprocessing = 0;
		};
/* End PBXSourcesBuildPhase section */

/* Begin PBXVariantGroup section */
		D62A114224C435230069B35E /* Main.storyboard */ = {
			isa = PBXVariantGroup;
			children = (
				D62A114324C435230069B35E /* Base */,
			);
			name = Main.storyboard;
			sourceTree = "<group>";
		};
		D62A114724C435240069B35E /* LaunchScreen.storyboard */ = {
			isa = PBXVariantGroup;
			children = (
				D62A114824C435240069B35E /* Base */,
			);
			name = LaunchScreen.storyboard;
			sourceTree = "<group>";
		};
/* End PBXVariantGroup section */

/* Begin XCBuildConfiguration section */
		D62A114B24C435240069B35E /* Debug */ = {
			isa = XCBuildConfiguration;
			buildSettings = {
				ALWAYS_SEARCH_USER_PATHS = NO;
				CLANG_ANALYZER_NONNULL = YES;
				CLANG_ANALYZER_NUMBER_OBJECT_CONVERSION = YES_AGGRESSIVE;
				CLANG_CXX_LANGUAGE_STANDARD = "gnu++14";
				CLANG_CXX_LIBRARY = "libc++";
				CLANG_ENABLE_MODULES = YES;
				CLANG_ENABLE_OBJC_ARC = YES;
				CLANG_ENABLE_OBJC_WEAK = YES;
				CLANG_WARN_BLOCK_CAPTURE_AUTORELEASING = YES;
				CLANG_WARN_BOOL_CONVERSION = YES;
				CLANG_WARN_COMMA = YES;
				CLANG_WARN_CONSTANT_CONVERSION = YES;
				CLANG_WARN_DEPRECATED_OBJC_IMPLEMENTATIONS = YES;
				CLANG_WARN_DIRECT_OBJC_ISA_USAGE = YES_ERROR;
				CLANG_WARN_DOCUMENTATION_COMMENTS = YES;
				CLANG_WARN_EMPTY_BODY = YES;
				CLANG_WARN_ENUM_CONVERSION = YES;
				CLANG_WARN_INFINITE_RECURSION = YES;
				CLANG_WARN_INT_CONVERSION = YES;
				CLANG_WARN_NON_LITERAL_NULL_CONVERSION = YES;
				CLANG_WARN_OBJC_IMPLICIT_RETAIN_SELF = YES;
				CLANG_WARN_OBJC_LITERAL_CONVERSION = YES;
				CLANG_WARN_OBJC_ROOT_CLASS = YES_ERROR;
				CLANG_WARN_RANGE_LOOP_ANALYSIS = YES;
				CLANG_WARN_STRICT_PROTOTYPES = YES;
				CLANG_WARN_SUSPICIOUS_MOVE = YES;
				CLANG_WARN_UNGUARDED_AVAILABILITY = YES_AGGRESSIVE;
				CLANG_WARN_UNREACHABLE_CODE = YES;
				CLANG_WARN__DUPLICATE_METHOD_MATCH = YES;
				COPY_PHASE_STRIP = NO;
				DEBUG_INFORMATION_FORMAT = dwarf;
				ENABLE_STRICT_OBJC_MSGSEND = YES;
				ENABLE_TESTABILITY = YES;
				GCC_C_LANGUAGE_STANDARD = gnu11;
				GCC_DYNAMIC_NO_PIC = NO;
				GCC_NO_COMMON_BLOCKS = YES;
				GCC_OPTIMIZATION_LEVEL = 0;
				GCC_PREPROCESSOR_DEFINITIONS = (
					"DEBUG=1",
					"$(inherited)",
				);
				GCC_WARN_64_TO_32_BIT_CONVERSION = YES;
				GCC_WARN_ABOUT_RETURN_TYPE = YES_ERROR;
				GCC_WARN_UNDECLARED_SELECTOR = YES;
				GCC_WARN_UNINITIALIZED_AUTOS = YES_AGGRESSIVE;
				GCC_WARN_UNUSED_FUNCTION = YES;
				GCC_WARN_UNUSED_VARIABLE = YES;
				IPHONEOS_DEPLOYMENT_TARGET = 13.5;
				MTL_ENABLE_DEBUG_INFO = INCLUDE_SOURCE;
				MTL_FAST_MATH = YES;
				ONLY_ACTIVE_ARCH = YES;
				SDKROOT = iphoneos;
				SWIFT_ACTIVE_COMPILATION_CONDITIONS = DEBUG;
				SWIFT_OPTIMIZATION_LEVEL = "-Onone";
			};
			name = Debug;
		};
		D62A114C24C435240069B35E /* Release */ = {
			isa = XCBuildConfiguration;
			buildSettings = {
				ALWAYS_SEARCH_USER_PATHS = NO;
				CLANG_ANALYZER_NONNULL = YES;
				CLANG_ANALYZER_NUMBER_OBJECT_CONVERSION = YES_AGGRESSIVE;
				CLANG_CXX_LANGUAGE_STANDARD = "gnu++14";
				CLANG_CXX_LIBRARY = "libc++";
				CLANG_ENABLE_MODULES = YES;
				CLANG_ENABLE_OBJC_ARC = YES;
				CLANG_ENABLE_OBJC_WEAK = YES;
				CLANG_WARN_BLOCK_CAPTURE_AUTORELEASING = YES;
				CLANG_WARN_BOOL_CONVERSION = YES;
				CLANG_WARN_COMMA = YES;
				CLANG_WARN_CONSTANT_CONVERSION = YES;
				CLANG_WARN_DEPRECATED_OBJC_IMPLEMENTATIONS = YES;
				CLANG_WARN_DIRECT_OBJC_ISA_USAGE = YES_ERROR;
				CLANG_WARN_DOCUMENTATION_COMMENTS = YES;
				CLANG_WARN_EMPTY_BODY = YES;
				CLANG_WARN_ENUM_CONVERSION = YES;
				CLANG_WARN_INFINITE_RECURSION = YES;
				CLANG_WARN_INT_CONVERSION = YES;
				CLANG_WARN_NON_LITERAL_NULL_CONVERSION = YES;
				CLANG_WARN_OBJC_IMPLICIT_RETAIN_SELF = YES;
				CLANG_WARN_OBJC_LITERAL_CONVERSION = YES;
				CLANG_WARN_OBJC_ROOT_CLASS = YES_ERROR;
				CLANG_WARN_RANGE_LOOP_ANALYSIS = YES;
				CLANG_WARN_STRICT_PROTOTYPES = YES;
				CLANG_WARN_SUSPICIOUS_MOVE = YES;
				CLANG_WARN_UNGUARDED_AVAILABILITY = YES_AGGRESSIVE;
				CLANG_WARN_UNREACHABLE_CODE = YES;
				CLANG_WARN__DUPLICATE_METHOD_MATCH = YES;
				COPY_PHASE_STRIP = NO;
				DEBUG_INFORMATION_FORMAT = "dwarf-with-dsym";
				ENABLE_NS_ASSERTIONS = NO;
				ENABLE_STRICT_OBJC_MSGSEND = YES;
				GCC_C_LANGUAGE_STANDARD = gnu11;
				GCC_NO_COMMON_BLOCKS = YES;
				GCC_WARN_64_TO_32_BIT_CONVERSION = YES;
				GCC_WARN_ABOUT_RETURN_TYPE = YES_ERROR;
				GCC_WARN_UNDECLARED_SELECTOR = YES;
				GCC_WARN_UNINITIALIZED_AUTOS = YES_AGGRESSIVE;
				GCC_WARN_UNUSED_FUNCTION = YES;
				GCC_WARN_UNUSED_VARIABLE = YES;
				IPHONEOS_DEPLOYMENT_TARGET = 13.5;
				MTL_ENABLE_DEBUG_INFO = NO;
				MTL_FAST_MATH = YES;
				SDKROOT = iphoneos;
				SWIFT_COMPILATION_MODE = wholemodule;
				SWIFT_OPTIMIZATION_LEVEL = "-O";
				VALIDATE_PRODUCT = YES;
			};
			name = Release;
		};
		D62A114E24C435240069B35E /* Debug */ = {
			isa = XCBuildConfiguration;
			buildSettings = {
				ASSETCATALOG_COMPILER_APPICON_NAME = AppIcon;
				CODE_SIGN_STYLE = Automatic;
				DEVELOPMENT_TEAM = T993H8SHW9;
				INFOPLIST_FILE = Airbnb/Info.plist;
				LD_RUNPATH_SEARCH_PATHS = (
					"$(inherited)",
					"@executable_path/Frameworks",
				);
				PRODUCT_BUNDLE_IDENTIFIER = com.nibm.Airbnb;
				PRODUCT_NAME = "$(TARGET_NAME)";
				SWIFT_VERSION = 5.0;
				TARGETED_DEVICE_FAMILY = "1,2";
			};
			name = Debug;
		};
		D62A114F24C435240069B35E /* Release */ = {
			isa = XCBuildConfiguration;
			buildSettings = {
				ASSETCATALOG_COMPILER_APPICON_NAME = AppIcon;
				CODE_SIGN_STYLE = Automatic;
				DEVELOPMENT_TEAM = T993H8SHW9;
				INFOPLIST_FILE = Airbnb/Info.plist;
				LD_RUNPATH_SEARCH_PATHS = (
					"$(inherited)",
					"@executable_path/Frameworks",
				);
				PRODUCT_BUNDLE_IDENTIFIER = com.nibm.Airbnb;
				PRODUCT_NAME = "$(TARGET_NAME)";
				SWIFT_VERSION = 5.0;
				TARGETED_DEVICE_FAMILY = "1,2";
			};
			name = Release;
		};
/* End XCBuildConfiguration section */

/* Begin XCConfigurationList section */
		D62A113424C435230069B35E /* Build configuration list for PBXProject "Airbnb" */ = {
			isa = XCConfigurationList;
			buildConfigurations = (
				D62A114B24C435240069B35E /* Debug */,
				D62A114C24C435240069B35E /* Release */,
			);
			defaultConfigurationIsVisible = 0;
			defaultConfigurationName = Release;
		};
		D62A114D24C435240069B35E /* Build configuration list for PBXNativeTarget "Airbnb" */ = {
			isa = XCConfigurationList;
			buildConfigurations = (
				D62A114E24C435240069B35E /* Debug */,
				D62A114F24C435240069B35E /* Release */,
			);
			defaultConfigurationIsVisible = 0;
			defaultConfigurationName = Release;
		};
/* End XCConfigurationList section */
	};
	rootObject = D62A113124C435230069B35E /* Project object */;
}
